<?xml version="1.0" encoding="UTF-8" standalone="yes" ?>
<CodeBlocks_project_file>
	<FileVersion major="1" minor="6" />
	<Project>
		<Option title="skeyV2" />
		<Option pch_mode="2" />
		<Option compiler="gcc" />
		<Build>
			<Target title="Debug">
				<Option output="bin/Debug/skeyV2" prefix_auto="1" extension_auto="1" />
				<Option object_output="obj/Debug/" />
				<Option type="1" />
				<Option compiler="gcc" />
				<Compiler>
					<Add option="-g" />
					<Add directory="include" />
				</Compiler>
			</Target>
			<Target title="Release">
				<Option output="bin/Release/skeyV2" prefix_auto="1" extension_auto="1" />
				<Option object_output="obj/Release/" />
				<Option type="1" />
				<Option compiler="gcc" />
				<Compiler>
					<Add option="-O2" />
					<Add directory="include" />
				</Compiler>
				<Linker>
					<Add option="-s" />
				</Linker>
			</Target>
		</Build>
		<Compiler>
			<Add option="-Wall" />
			<Add option="-fexceptions" />
		</Compiler>
		<Unit filename="include/classPassword.h" />
		<Unit filename="include/classUser.h" />
		<Unit filename="include/closeProgramm.h" />
		<Unit filename="include/design/principalmenu.h" />
		<Unit filename="include/design/windowsclear.h" />
		<Unit filename="include/login/login.h">
			<Option target="&lt;{~None~}&gt;" />
		</Unit>
		<Unit filename="include/login/menuPrincipal.h" />
		<Unit filename="include/login/welcome.h" />
		<Unit filename="include/passwordAuxiliar.h" />
		<Unit filename="include/register/register.h" />
		<Unit filename="main.cpp" />
		<Unit filename="src/classPassword.cpp" />
		<Unit filename="src/classUser.cpp" />
		<Extensions />
	</Project>
</CodeBlocks_project_file>
